
Microsoft Visual Studio Solution File, Format Version 12.00
# Visual Studio Version 16
VisualStudioVersion = 16.0.30128.74
MinimumVisualStudioVersion = 10.0.40219.1
Project("{888888A0-9F3D-457C-B088-3A5042F75D52}") = "DevDaysAPIM", "DevDaysAPIM.pyproj", "{CC52FF6C-D585-43C2-8C99-8F8F9B5EDCE0}"
EndProject
Global
	GlobalSection(SolutionConfigurationPlatforms) = preSolution
		Debug|Any CPU = Debug|Any CPU
		Release|Any CPU = Release|Any CPU
	EndGlobalSection
	GlobalSection(ProjectConfigurationPlatforms) = postSolution
		{CC52FF6C-D585-43C2-8C99-8F8F9B5EDCE0}.Debug|Any CPU.ActiveCfg = Debug|Any CPU
		{CC52FF6C-D585-43C2-8C99-8F8F9B5EDCE0}.Debug|Any CPU.Build.0 = Debug|Any CPU
		{CC52FF6C-D585-43C2-8C99-8F8F9B5EDCE0}.Release|Any CPU.ActiveCfg = Release|Any CPU
		{CC52FF6C-D585-43C2-8C99-8F8F9B5EDCE0}.Release|Any CPU.Build.0 = Release|Any CPU
	EndGlobalSection
	GlobalSection(SolutionProperties) = preSolution
		HideSolutionNode = FALSE
	EndGlobalSection
	GlobalSection(ExtensibilityGlobals) = postSolution
		SolutionGuid = {55F8E870-43A0-4D06-ADCF-5148B2B51E44}
	EndGlobalSection
EndGlobal
